
Microsoft Visual Studio Solution File, Format Version 12.00
# Visual Studio Version 17
VisualStudioVersion = 17.0.31903.59
MinimumVisualStudioVersion = 10.0.40219.1
Project("{FAE04EC0-301F-11D3-BF4B-00C04F79EFBC}") = "Zigzag.Api", "Zigzag.Api\Zigzag.Api.csproj", "{B3448E3F-B28E-4714-BE08-0B283DFAA3D9}"
EndProject
Project("{FAE04EC0-301F-11D3-BF4B-00C04F79EFBC}") = "Zigzag.Application", "Zigzag.Application\Zigzag.Application.csproj", "{10D53444-C37E-412F-B102-73BF88A944F6}"
EndProject
Project("{FAE04EC0-301F-11D3-BF4B-00C04F79EFBC}") = "Zigzag.Infrastructure", "Zigzag.Infrastructure\Zigzag.Infrastructure.csproj", "{7A4061DC-7360-4DF3-9221-A5E1A996D2BB}"
EndProject
Project("{FAE04EC0-301F-11D3-BF4B-00C04F79EFBC}") = "Zigzag.Core", "Zigzag.Core\Zigzag.Core.csproj", "{E8601948-0940-41A8-AF78-170CE20A2FC5}"
EndProject
Project("{FAE04EC0-301F-11D3-BF4B-00C04F79EFBC}") = "ZigZag.UnitTest", "ZigZag.UnitTest\ZigZag.UnitTest.csproj", "{F6503E67-652A-4253-8B21-4854E0CEBDC3}"
EndProject
Global
	GlobalSection(SolutionConfigurationPlatforms) = preSolution
		Debug|Any CPU = Debug|Any CPU
		Release|Any CPU = Release|Any CPU
	EndGlobalSection
	GlobalSection(SolutionProperties) = preSolution
		HideSolutionNode = FALSE
	EndGlobalSection
	GlobalSection(ProjectConfigurationPlatforms) = postSolution
		{B3448E3F-B28E-4714-BE08-0B283DFAA3D9}.Debug|Any CPU.ActiveCfg = Debug|Any CPU
		{B3448E3F-B28E-4714-BE08-0B283DFAA3D9}.Debug|Any CPU.Build.0 = Debug|Any CPU
		{B3448E3F-B28E-4714-BE08-0B283DFAA3D9}.Release|Any CPU.ActiveCfg = Release|Any CPU
		{B3448E3F-B28E-4714-BE08-0B283DFAA3D9}.Release|Any CPU.Build.0 = Release|Any CPU
		{10D53444-C37E-412F-B102-73BF88A944F6}.Debug|Any CPU.ActiveCfg = Debug|Any CPU
		{10D53444-C37E-412F-B102-73BF88A944F6}.Debug|Any CPU.Build.0 = Debug|Any CPU
		{10D53444-C37E-412F-B102-73BF88A944F6}.Release|Any CPU.ActiveCfg = Release|Any CPU
		{10D53444-C37E-412F-B102-73BF88A944F6}.Release|Any CPU.Build.0 = Release|Any CPU
		{7A4061DC-7360-4DF3-9221-A5E1A996D2BB}.Debug|Any CPU.ActiveCfg = Debug|Any CPU
		{7A4061DC-7360-4DF3-9221-A5E1A996D2BB}.Debug|Any CPU.Build.0 = Debug|Any CPU
		{7A4061DC-7360-4DF3-9221-A5E1A996D2BB}.Release|Any CPU.ActiveCfg = Release|Any CPU
		{7A4061DC-7360-4DF3-9221-A5E1A996D2BB}.Release|Any CPU.Build.0 = Release|Any CPU
		{E8601948-0940-41A8-AF78-170CE20A2FC5}.Debug|Any CPU.ActiveCfg = Debug|Any CPU
		{E8601948-0940-41A8-AF78-170CE20A2FC5}.Debug|Any CPU.Build.0 = Debug|Any CPU
		{E8601948-0940-41A8-AF78-170CE20A2FC5}.Release|Any CPU.ActiveCfg = Release|Any CPU
		{E8601948-0940-41A8-AF78-170CE20A2FC5}.Release|Any CPU.Build.0 = Release|Any CPU
		{F6503E67-652A-4253-8B21-4854E0CEBDC3}.Debug|Any CPU.ActiveCfg = Debug|Any CPU
		{F6503E67-652A-4253-8B21-4854E0CEBDC3}.Debug|Any CPU.Build.0 = Debug|Any CPU
		{F6503E67-652A-4253-8B21-4854E0CEBDC3}.Release|Any CPU.ActiveCfg = Release|Any CPU
		{F6503E67-652A-4253-8B21-4854E0CEBDC3}.Release|Any CPU.Build.0 = Release|Any CPU
	EndGlobalSection
EndGlobal
